{"git_url":"https:\/\/github.com\/cmsium\/Cmsium_library.git","destination_dir":"core","libraries":["lib\/validation","lib\/router","lib\/config","lib\/http_server","lib\/plumber","utils\/migrator","utils\/openapi","lib\/database","lib\/database.p","lib\/files","lib\/files.p","lib\/config","lib\/validation","lib\/http_server","lib\/webgear","lib\/presenter"],"last_hash":"2932b4c8ed0466f05e4811e7f54e61fe08748f2f"}