{"git_url":"https:\/\/github.com\/cmsium\/Cmsium_library.git","destination_dir":"core","libraries":["lib\/config","lib\/http_server","lib\/router","lib\/plumber","utils\/migrator","lib\/database","lib\/database.p","lib\/files","lib\/files.p","lib\/config","lib\/validation","lib\/http_server","lib\/webgear","lib\/presenter"],"last_hash":"9aa12aba6e6919cae7c8d0622c34ab76e663434f"}