{"git_url":"https:\/\/github.com\/cmsium\/Cmsium_library.git","destination_dir":"core","libraries":["lib\/config","lib\/router","utils\/migrator","lib\/database","lib\/database.p","lib\/files","lib\/files.p","lib\/config","lib\/validation","lib\/http_server"],"last_hash":"8f9939e40380b82d926e2998d799273a5728927f"}